
Microsoft Visual Studio Solution File, Format Version 9.00
# Visual Studio 2005
Project("{8BC9CEB8-8B4A-11D0-8D11-00A0C91BC942}") = "Bitvector", "Bitvector\Bitvector.vcproj", "{E7CE7317-2BCE-413B-80A6-4CD13F1EA58A}"
EndProject
Global
	GlobalSection(SolutionConfigurationPlatforms) = preSolution
		Debug|Win32 = Debug|Win32
		Release|Win32 = Release|Win32
	EndGlobalSection
	GlobalSection(ProjectConfigurationPlatforms) = postSolution
		{E7CE7317-2BCE-413B-80A6-4CD13F1EA58A}.Debug|Win32.ActiveCfg = Debug|Win32
		{E7CE7317-2BCE-413B-80A6-4CD13F1EA58A}.Debug|Win32.Build.0 = Debug|Win32
		{E7CE7317-2BCE-413B-80A6-4CD13F1EA58A}.Release|Win32.ActiveCfg = Release|Win32
		{E7CE7317-2BCE-413B-80A6-4CD13F1EA58A}.Release|Win32.Build.0 = Release|Win32
	EndGlobalSection
	GlobalSection(SolutionProperties) = preSolution
		HideSolutionNode = FALSE
	EndGlobalSection
EndGlobal
